
Microsoft Visual Studio Solution File, Format Version 12.00
# Visual Studio Version 17
VisualStudioVersion = 17.11.35208.52
MinimumVisualStudioVersion = 10.0.40219.1
Project("{9A19103F-16F7-4668-BE54-9A1E7A4F7556}") = "Voracious.EPub", "Voracious.EPub\Voracious.EPub.csproj", "{3DE8EE23-9BB4-49E1-9EC7-E3F8A4F811ED}"
EndProject
Project("{9A19103F-16F7-4668-BE54-9A1E7A4F7556}") = "Voracious.Database", "Voracious.Database\Voracious.Database.csproj", "{69891E61-A96C-44A7-B38B-E45FA4BC8112}"
EndProject
Project("{9A19103F-16F7-4668-BE54-9A1E7A4F7556}") = "Voracious.Tests", "Voracious.Tests\Voracious.Tests.csproj", "{99F116E8-0593-406F-838F-384EE0818AF0}"
EndProject
Project("{2150E333-8FDC-42A3-9474-1A3956D46DE8}") = "Assets", "Assets", "{BAE0E2F9-517C-438C-B5E1-73E505EC5AF9}"
EndProject
Project("{9A19103F-16F7-4668-BE54-9A1E7A4F7556}") = "Voracious.RDF", "Voracious.RDF\Voracious.RDF.csproj", "{1F2A3CB3-B922-4D8F-BEEA-B4B34C5D0FDA}"
EndProject
Project("{9A19103F-16F7-4668-BE54-9A1E7A4F7556}") = "Voracious.Life", "Voracious.Life\Voracious.Life.csproj", "{8850BCBF-2591-412D-B772-BD72F17C4C46}"
EndProject
Project("{9A19103F-16F7-4668-BE54-9A1E7A4F7556}") = "Voracious.Core", "Voracious.Core\Voracious.Core.csproj", "{EE538B97-EB8B-4681-99F2-9E5714BAC330}"
EndProject
Project("{9A19103F-16F7-4668-BE54-9A1E7A4F7556}") = "Voracious.Control", "Voracious.Control\Voracious.Control.csproj", "{8EF8ACE3-9A70-4513-BD08-F4C72D588974}"
EndProject
Global
	GlobalSection(SolutionConfigurationPlatforms) = preSolution
		Debug|Any CPU = Debug|Any CPU
		Debug|ARM = Debug|ARM
		Debug|ARM64 = Debug|ARM64
		Debug|x64 = Debug|x64
		Debug|x86 = Debug|x86
		Release|Any CPU = Release|Any CPU
		Release|ARM = Release|ARM
		Release|ARM64 = Release|ARM64
		Release|x64 = Release|x64
		Release|x86 = Release|x86
	EndGlobalSection
	GlobalSection(ProjectConfigurationPlatforms) = postSolution
		{3DE8EE23-9BB4-49E1-9EC7-E3F8A4F811ED}.Debug|Any CPU.ActiveCfg = Debug|Any CPU
		{3DE8EE23-9BB4-49E1-9EC7-E3F8A4F811ED}.Debug|Any CPU.Build.0 = Debug|Any CPU
		{3DE8EE23-9BB4-49E1-9EC7-E3F8A4F811ED}.Debug|ARM.ActiveCfg = Debug|Any CPU
		{3DE8EE23-9BB4-49E1-9EC7-E3F8A4F811ED}.Debug|ARM.Build.0 = Debug|Any CPU
		{3DE8EE23-9BB4-49E1-9EC7-E3F8A4F811ED}.Debug|ARM64.ActiveCfg = Debug|Any CPU
		{3DE8EE23-9BB4-49E1-9EC7-E3F8A4F811ED}.Debug|ARM64.Build.0 = Debug|Any CPU
		{3DE8EE23-9BB4-49E1-9EC7-E3F8A4F811ED}.Debug|x64.ActiveCfg = Debug|Any CPU
		{3DE8EE23-9BB4-49E1-9EC7-E3F8A4F811ED}.Debug|x64.Build.0 = Debug|Any CPU
		{3DE8EE23-9BB4-49E1-9EC7-E3F8A4F811ED}.Debug|x86.ActiveCfg = Debug|Any CPU
		{3DE8EE23-9BB4-49E1-9EC7-E3F8A4F811ED}.Debug|x86.Build.0 = Debug|Any CPU
		{3DE8EE23-9BB4-49E1-9EC7-E3F8A4F811ED}.Release|Any CPU.ActiveCfg = Release|Any CPU
		{3DE8EE23-9BB4-49E1-9EC7-E3F8A4F811ED}.Release|Any CPU.Build.0 = Release|Any CPU
		{3DE8EE23-9BB4-49E1-9EC7-E3F8A4F811ED}.Release|ARM.ActiveCfg = Release|Any CPU
		{3DE8EE23-9BB4-49E1-9EC7-E3F8A4F811ED}.Release|ARM.Build.0 = Release|Any CPU
		{3DE8EE23-9BB4-49E1-9EC7-E3F8A4F811ED}.Release|ARM64.ActiveCfg = Release|Any CPU
		{3DE8EE23-9BB4-49E1-9EC7-E3F8A4F811ED}.Release|ARM64.Build.0 = Release|Any CPU
		{3DE8EE23-9BB4-49E1-9EC7-E3F8A4F811ED}.Release|x64.ActiveCfg = Release|Any CPU
		{3DE8EE23-9BB4-49E1-9EC7-E3F8A4F811ED}.Release|x64.Build.0 = Release|Any CPU
		{3DE8EE23-9BB4-49E1-9EC7-E3F8A4F811ED}.Release|x86.ActiveCfg = Release|Any CPU
		{3DE8EE23-9BB4-49E1-9EC7-E3F8A4F811ED}.Release|x86.Build.0 = Release|Any CPU
		{69891E61-A96C-44A7-B38B-E45FA4BC8112}.Debug|Any CPU.ActiveCfg = Debug|Any CPU
		{69891E61-A96C-44A7-B38B-E45FA4BC8112}.Debug|Any CPU.Build.0 = Debug|Any CPU
		{69891E61-A96C-44A7-B38B-E45FA4BC8112}.Debug|ARM.ActiveCfg = Debug|Any CPU
		{69891E61-A96C-44A7-B38B-E45FA4BC8112}.Debug|ARM.Build.0 = Debug|Any CPU
		{69891E61-A96C-44A7-B38B-E45FA4BC8112}.Debug|ARM64.ActiveCfg = Debug|Any CPU
		{69891E61-A96C-44A7-B38B-E45FA4BC8112}.Debug|ARM64.Build.0 = Debug|Any CPU
		{69891E61-A96C-44A7-B38B-E45FA4BC8112}.Debug|x64.ActiveCfg = Debug|Any CPU
		{69891E61-A96C-44A7-B38B-E45FA4BC8112}.Debug|x64.Build.0 = Debug|Any CPU
		{69891E61-A96C-44A7-B38B-E45FA4BC8112}.Debug|x86.ActiveCfg = Debug|Any CPU
		{69891E61-A96C-44A7-B38B-E45FA4BC8112}.Debug|x86.Build.0 = Debug|Any CPU
		{69891E61-A96C-44A7-B38B-E45FA4BC8112}.Release|Any CPU.ActiveCfg = Release|Any CPU
		{69891E61-A96C-44A7-B38B-E45FA4BC8112}.Release|Any CPU.Build.0 = Release|Any CPU
		{69891E61-A96C-44A7-B38B-E45FA4BC8112}.Release|ARM.ActiveCfg = Release|Any CPU
		{69891E61-A96C-44A7-B38B-E45FA4BC8112}.Release|ARM.Build.0 = Release|Any CPU
		{69891E61-A96C-44A7-B38B-E45FA4BC8112}.Release|ARM64.ActiveCfg = Release|Any CPU
		{69891E61-A96C-44A7-B38B-E45FA4BC8112}.Release|ARM64.Build.0 = Release|Any CPU
		{69891E61-A96C-44A7-B38B-E45FA4BC8112}.Release|x64.ActiveCfg = Release|Any CPU
		{69891E61-A96C-44A7-B38B-E45FA4BC8112}.Release|x64.Build.0 = Release|Any CPU
		{69891E61-A96C-44A7-B38B-E45FA4BC8112}.Release|x86.ActiveCfg = Release|Any CPU
		{69891E61-A96C-44A7-B38B-E45FA4BC8112}.Release|x86.Build.0 = Release|Any CPU
		{99F116E8-0593-406F-838F-384EE0818AF0}.Debug|Any CPU.ActiveCfg = Debug|Any CPU
		{99F116E8-0593-406F-838F-384EE0818AF0}.Debug|Any CPU.Build.0 = Debug|Any CPU
		{99F116E8-0593-406F-838F-384EE0818AF0}.Debug|ARM.ActiveCfg = Debug|Any CPU
		{99F116E8-0593-406F-838F-384EE0818AF0}.Debug|ARM.Build.0 = Debug|Any CPU
		{99F116E8-0593-406F-838F-384EE0818AF0}.Debug|ARM64.ActiveCfg = Debug|Any CPU
		{99F116E8-0593-406F-838F-384EE0818AF0}.Debug|ARM64.Build.0 = Debug|Any CPU
		{99F116E8-0593-406F-838F-384EE0818AF0}.Debug|x64.ActiveCfg = Debug|Any CPU
		{99F116E8-0593-406F-838F-384EE0818AF0}.Debug|x64.Build.0 = Debug|Any CPU
		{99F116E8-0593-406F-838F-384EE0818AF0}.Debug|x86.ActiveCfg = Debug|Any CPU
		{99F116E8-0593-406F-838F-384EE0818AF0}.Debug|x86.Build.0 = Debug|Any CPU
		{99F116E8-0593-406F-838F-384EE0818AF0}.Release|Any CPU.ActiveCfg = Release|Any CPU
		{99F116E8-0593-406F-838F-384EE0818AF0}.Release|Any CPU.Build.0 = Release|Any CPU
		{99F116E8-0593-406F-838F-384EE0818AF0}.Release|ARM.ActiveCfg = Release|Any CPU
		{99F116E8-0593-406F-838F-384EE0818AF0}.Release|ARM.Build.0 = Release|Any CPU
		{99F116E8-0593-406F-838F-384EE0818AF0}.Release|ARM64.ActiveCfg = Release|Any CPU
		{99F116E8-0593-406F-838F-384EE0818AF0}.Release|ARM64.Build.0 = Release|Any CPU
		{99F116E8-0593-406F-838F-384EE0818AF0}.Release|x64.ActiveCfg = Release|Any CPU
		{99F116E8-0593-406F-838F-384EE0818AF0}.Release|x64.Build.0 = Release|Any CPU
		{99F116E8-0593-406F-838F-384EE0818AF0}.Release|x86.ActiveCfg = Release|Any CPU
		{99F116E8-0593-406F-838F-384EE0818AF0}.Release|x86.Build.0 = Release|Any CPU
		{1F2A3CB3-B922-4D8F-BEEA-B4B34C5D0FDA}.Debug|Any CPU.ActiveCfg = Debug|Any CPU
		{1F2A3CB3-B922-4D8F-BEEA-B4B34C5D0FDA}.Debug|Any CPU.Build.0 = Debug|Any CPU
		{1F2A3CB3-B922-4D8F-BEEA-B4B34C5D0FDA}.Debug|ARM.ActiveCfg = Debug|Any CPU
		{1F2A3CB3-B922-4D8F-BEEA-B4B34C5D0FDA}.Debug|ARM.Build.0 = Debug|Any CPU
		{1F2A3CB3-B922-4D8F-BEEA-B4B34C5D0FDA}.Debug|ARM64.ActiveCfg = Debug|Any CPU
		{1F2A3CB3-B922-4D8F-BEEA-B4B34C5D0FDA}.Debug|ARM64.Build.0 = Debug|Any CPU
		{1F2A3CB3-B922-4D8F-BEEA-B4B34C5D0FDA}.Debug|x64.ActiveCfg = Debug|Any CPU
		{1F2A3CB3-B922-4D8F-BEEA-B4B34C5D0FDA}.Debug|x64.Build.0 = Debug|Any CPU
		{1F2A3CB3-B922-4D8F-BEEA-B4B34C5D0FDA}.Debug|x86.ActiveCfg = Debug|Any CPU
		{1F2A3CB3-B922-4D8F-BEEA-B4B34C5D0FDA}.Debug|x86.Build.0 = Debug|Any CPU
		{1F2A3CB3-B922-4D8F-BEEA-B4B34C5D0FDA}.Release|Any CPU.ActiveCfg = Release|Any CPU
		{1F2A3CB3-B922-4D8F-BEEA-B4B34C5D0FDA}.Release|Any CPU.Build.0 = Release|Any CPU
		{1F2A3CB3-B922-4D8F-BEEA-B4B34C5D0FDA}.Release|ARM.ActiveCfg = Release|Any CPU
		{1F2A3CB3-B922-4D8F-BEEA-B4B34C5D0FDA}.Release|ARM.Build.0 = Release|Any CPU
		{1F2A3CB3-B922-4D8F-BEEA-B4B34C5D0FDA}.Release|ARM64.ActiveCfg = Release|Any CPU
		{1F2A3CB3-B922-4D8F-BEEA-B4B34C5D0FDA}.Release|ARM64.Build.0 = Release|Any CPU
		{1F2A3CB3-B922-4D8F-BEEA-B4B34C5D0FDA}.Release|x64.ActiveCfg = Release|Any CPU
		{1F2A3CB3-B922-4D8F-BEEA-B4B34C5D0FDA}.Release|x64.Build.0 = Release|Any CPU
		{1F2A3CB3-B922-4D8F-BEEA-B4B34C5D0FDA}.Release|x86.ActiveCfg = Release|Any CPU
		{1F2A3CB3-B922-4D8F-BEEA-B4B34C5D0FDA}.Release|x86.Build.0 = Release|Any CPU
		{8850BCBF-2591-412D-B772-BD72F17C4C46}.Debug|Any CPU.ActiveCfg = Debug|Any CPU
		{8850BCBF-2591-412D-B772-BD72F17C4C46}.Debug|Any CPU.Build.0 = Debug|Any CPU
		{8850BCBF-2591-412D-B772-BD72F17C4C46}.Debug|Any CPU.Deploy.0 = Debug|Any CPU
		{8850BCBF-2591-412D-B772-BD72F17C4C46}.Debug|ARM.ActiveCfg = Debug|Any CPU
		{8850BCBF-2591-412D-B772-BD72F17C4C46}.Debug|ARM.Build.0 = Debug|Any CPU
		{8850BCBF-2591-412D-B772-BD72F17C4C46}.Debug|ARM.Deploy.0 = Debug|Any CPU
		{8850BCBF-2591-412D-B772-BD72F17C4C46}.Debug|ARM64.ActiveCfg = Debug|Any CPU
		{8850BCBF-2591-412D-B772-BD72F17C4C46}.Debug|ARM64.Build.0 = Debug|Any CPU
		{8850BCBF-2591-412D-B772-BD72F17C4C46}.Debug|ARM64.Deploy.0 = Debug|Any CPU
		{8850BCBF-2591-412D-B772-BD72F17C4C46}.Debug|x64.ActiveCfg = Debug|Any CPU
		{8850BCBF-2591-412D-B772-BD72F17C4C46}.Debug|x64.Build.0 = Debug|Any CPU
		{8850BCBF-2591-412D-B772-BD72F17C4C46}.Debug|x64.Deploy.0 = Debug|Any CPU
		{8850BCBF-2591-412D-B772-BD72F17C4C46}.Debug|x86.ActiveCfg = Debug|Any CPU
		{8850BCBF-2591-412D-B772-BD72F17C4C46}.Debug|x86.Build.0 = Debug|Any CPU
		{8850BCBF-2591-412D-B772-BD72F17C4C46}.Debug|x86.Deploy.0 = Debug|Any CPU
		{8850BCBF-2591-412D-B772-BD72F17C4C46}.Release|Any CPU.ActiveCfg = Release|Any CPU
		{8850BCBF-2591-412D-B772-BD72F17C4C46}.Release|Any CPU.Build.0 = Release|Any CPU
		{8850BCBF-2591-412D-B772-BD72F17C4C46}.Release|Any CPU.Deploy.0 = Release|Any CPU
		{8850BCBF-2591-412D-B772-BD72F17C4C46}.Release|ARM.ActiveCfg = Release|Any CPU
		{8850BCBF-2591-412D-B772-BD72F17C4C46}.Release|ARM.Build.0 = Release|Any CPU
		{8850BCBF-2591-412D-B772-BD72F17C4C46}.Release|ARM.Deploy.0 = Release|Any CPU
		{8850BCBF-2591-412D-B772-BD72F17C4C46}.Release|ARM64.ActiveCfg = Release|Any CPU
		{8850BCBF-2591-412D-B772-BD72F17C4C46}.Release|ARM64.Build.0 = Release|Any CPU
		{8850BCBF-2591-412D-B772-BD72F17C4C46}.Release|ARM64.Deploy.0 = Release|Any CPU
		{8850BCBF-2591-412D-B772-BD72F17C4C46}.Release|x64.ActiveCfg = Release|Any CPU
		{8850BCBF-2591-412D-B772-BD72F17C4C46}.Release|x64.Build.0 = Release|Any CPU
		{8850BCBF-2591-412D-B772-BD72F17C4C46}.Release|x64.Deploy.0 = Release|Any CPU
		{8850BCBF-2591-412D-B772-BD72F17C4C46}.Release|x86.ActiveCfg = Release|Any CPU
		{8850BCBF-2591-412D-B772-BD72F17C4C46}.Release|x86.Build.0 = Release|Any CPU
		{8850BCBF-2591-412D-B772-BD72F17C4C46}.Release|x86.Deploy.0 = Release|Any CPU
		{EE538B97-EB8B-4681-99F2-9E5714BAC330}.Debug|Any CPU.ActiveCfg = Debug|Any CPU
		{EE538B97-EB8B-4681-99F2-9E5714BAC330}.Debug|Any CPU.Build.0 = Debug|Any CPU
		{EE538B97-EB8B-4681-99F2-9E5714BAC330}.Debug|ARM.ActiveCfg = Debug|Any CPU
		{EE538B97-EB8B-4681-99F2-9E5714BAC330}.Debug|ARM.Build.0 = Debug|Any CPU
		{EE538B97-EB8B-4681-99F2-9E5714BAC330}.Debug|ARM64.ActiveCfg = Debug|Any CPU
		{EE538B97-EB8B-4681-99F2-9E5714BAC330}.Debug|ARM64.Build.0 = Debug|Any CPU
		{EE538B97-EB8B-4681-99F2-9E5714BAC330}.Debug|x64.ActiveCfg = Debug|Any CPU
		{EE538B97-EB8B-4681-99F2-9E5714BAC330}.Debug|x64.Build.0 = Debug|Any CPU
		{EE538B97-EB8B-4681-99F2-9E5714BAC330}.Debug|x86.ActiveCfg = Debug|Any CPU
		{EE538B97-EB8B-4681-99F2-9E5714BAC330}.Debug|x86.Build.0 = Debug|Any CPU
		{EE538B97-EB8B-4681-99F2-9E5714BAC330}.Release|Any CPU.ActiveCfg = Release|Any CPU
		{EE538B97-EB8B-4681-99F2-9E5714BAC330}.Release|Any CPU.Build.0 = Release|Any CPU
		{EE538B97-EB8B-4681-99F2-9E5714BAC330}.Release|ARM.ActiveCfg = Release|Any CPU
		{EE538B97-EB8B-4681-99F2-9E5714BAC330}.Release|ARM.Build.0 = Release|Any CPU
		{EE538B97-EB8B-4681-99F2-9E5714BAC330}.Release|ARM64.ActiveCfg = Release|Any CPU
		{EE538B97-EB8B-4681-99F2-9E5714BAC330}.Release|ARM64.Build.0 = Release|Any CPU
		{EE538B97-EB8B-4681-99F2-9E5714BAC330}.Release|x64.ActiveCfg = Release|Any CPU
		{EE538B97-EB8B-4681-99F2-9E5714BAC330}.Release|x64.Build.0 = Release|Any CPU
		{EE538B97-EB8B-4681-99F2-9E5714BAC330}.Release|x86.ActiveCfg = Release|Any CPU
		{EE538B97-EB8B-4681-99F2-9E5714BAC330}.Release|x86.Build.0 = Release|Any CPU
		{8EF8ACE3-9A70-4513-BD08-F4C72D588974}.Debug|Any CPU.ActiveCfg = Debug|Any CPU
		{8EF8ACE3-9A70-4513-BD08-F4C72D588974}.Debug|Any CPU.Build.0 = Debug|Any CPU
		{8EF8ACE3-9A70-4513-BD08-F4C72D588974}.Debug|ARM.ActiveCfg = Debug|Any CPU
		{8EF8ACE3-9A70-4513-BD08-F4C72D588974}.Debug|ARM.Build.0 = Debug|Any CPU
		{8EF8ACE3-9A70-4513-BD08-F4C72D588974}.Debug|ARM64.ActiveCfg = Debug|Any CPU
		{8EF8ACE3-9A70-4513-BD08-F4C72D588974}.Debug|ARM64.Build.0 = Debug|Any CPU
		{8EF8ACE3-9A70-4513-BD08-F4C72D588974}.Debug|x64.ActiveCfg = Debug|Any CPU
		{8EF8ACE3-9A70-4513-BD08-F4C72D588974}.Debug|x64.Build.0 = Debug|Any CPU
		{8EF8ACE3-9A70-4513-BD08-F4C72D588974}.Debug|x86.ActiveCfg = Debug|Any CPU
		{8EF8ACE3-9A70-4513-BD08-F4C72D588974}.Debug|x86.Build.0 = Debug|Any CPU
		{8EF8ACE3-9A70-4513-BD08-F4C72D588974}.Release|Any CPU.ActiveCfg = Release|Any CPU
		{8EF8ACE3-9A70-4513-BD08-F4C72D588974}.Release|Any CPU.Build.0 = Release|Any CPU
		{8EF8ACE3-9A70-4513-BD08-F4C72D588974}.Release|ARM.ActiveCfg = Release|Any CPU
		{8EF8ACE3-9A70-4513-BD08-F4C72D588974}.Release|ARM.Build.0 = Release|Any CPU
		{8EF8ACE3-9A70-4513-BD08-F4C72D588974}.Release|ARM64.ActiveCfg = Release|Any CPU
		{8EF8ACE3-9A70-4513-BD08-F4C72D588974}.Release|ARM64.Build.0 = Release|Any CPU
		{8EF8ACE3-9A70-4513-BD08-F4C72D588974}.Release|x64.ActiveCfg = Release|Any CPU
		{8EF8ACE3-9A70-4513-BD08-F4C72D588974}.Release|x64.Build.0 = Release|Any CPU
		{8EF8ACE3-9A70-4513-BD08-F4C72D588974}.Release|x86.ActiveCfg = Release|Any CPU
		{8EF8ACE3-9A70-4513-BD08-F4C72D588974}.Release|x86.Build.0 = Release|Any CPU
	EndGlobalSection
	GlobalSection(SolutionProperties) = preSolution
		HideSolutionNode = FALSE
	EndGlobalSection
	GlobalSection(ExtensibilityGlobals) = postSolution
		SolutionGuid = {79F1D1B2-940B-4C78-AF94-6FCB02898C5B}
	EndGlobalSection
EndGlobal
